// !$*UTF8*$!
{
	archiveVersion = 1;
	classes = {
	};
	objectVersion = 56;
	objects = {

/* Begin PBXBuildFile section */
		5530A4A42AF8CB5C00C6E73A /* StreamerBuddyApp.swift in Sources */ = {isa = PBXBuildFile; fileRef = 5530A4A32AF8CB5C00C6E73A /* StreamerBuddyApp.swift */; };
		5530A4A62AF8CB5C00C6E73A /* ContentView.swift in Sources */ = {isa = PBXBuildFile; fileRef = 5530A4A52AF8CB5C00C6E73A /* ContentView.swift */; };
		5530A4A82AF8CB5E00C6E73A /* Assets.xcassets in Resources */ = {isa = PBXBuildFile; fileRef = 5530A4A72AF8CB5E00C6E73A /* Assets.xcassets */; };
		5530A4AB2AF8CB5E00C6E73A /* Preview Assets.xcassets in Resources */ = {isa = PBXBuildFile; fileRef = 5530A4AA2AF8CB5E00C6E73A /* Preview Assets.xcassets */; };
		5530A4B62AF8CB5F00C6E73A /* StreamerBuddyTests.swift in Sources */ = {isa = PBXBuildFile; fileRef = 5530A4B52AF8CB5F00C6E73A /* StreamerBuddyTests.swift */; };
		5530A4C02AF8CB5F00C6E73A /* StreamerBuddyUITests.swift in Sources */ = {isa = PBXBuildFile; fileRef = 5530A4BF2AF8CB5F00C6E73A /* StreamerBuddyUITests.swift */; };
		5530A4C22AF8CB5F00C6E73A /* StreamerBuddyUITestsLaunchTests.swift in Sources */ = {isa = PBXBuildFile; fileRef = 5530A4C12AF8CB5F00C6E73A /* StreamerBuddyUITestsLaunchTests.swift */; };
/* End PBXBuildFile section */

/* Begin PBXContainerItemProxy section */
		5530A4B22AF8CB5F00C6E73A /* PBXContainerItemProxy */ = {
			isa = PBXContainerItemProxy;
			containerPortal = 5530A4982AF8CB5C00C6E73A /* Project object */;
			proxyType = 1;
			remoteGlobalIDString = 5530A49F2AF8CB5C00C6E73A;
			remoteInfo = StreamerBuddy;
		};
		5530A4BC2AF8CB5F00C6E73A /* PBXContainerItemProxy */ = {
			isa = PBXContainerItemProxy;
			containerPortal = 5530A4982AF8CB5C00C6E73A /* Project object */;
			proxyType = 1;
			remoteGlobalIDString = 5530A49F2AF8CB5C00C6E73A;
			remoteInfo = StreamerBuddy;
		};
/* End PBXContainerItemProxy section */

/* Begin PBXFileReference section */
		5530A4A02AF8CB5C00C6E73A /* StreamerBuddy.app */ = {isa = PBXFileReference; explicitFileType = wrapper.application; includeInIndex = 0; path = StreamerBuddy.app; sourceTree = BUILT_PRODUCTS_DIR; };
		5530A4A32AF8CB5C00C6E73A /* StreamerBuddyApp.swift */ = {isa = PBXFileReference; lastKnownFileType = sourcecode.swift; path = StreamerBuddyApp.swift; sourceTree = "<group>"; };
		5530A4A52AF8CB5C00C6E73A /* ContentView.swift */ = {isa = PBXFileReference; lastKnownFileType = sourcecode.swift; path = ContentView.swift; sourceTree = "<group>"; };
		5530A4A72AF8CB5E00C6E73A /* Assets.xcassets */ = {isa = PBXFileReference; lastKnownFileType = folder.assetcatalog; path = Assets.xcassets; sourceTree = "<group>"; };
		5530A4AA2AF8CB5E00C6E73A /* Preview Assets.xcassets */ = {isa = PBXFileReference; lastKnownFileType = folder.assetcatalog; path = "Preview Assets.xcassets"; sourceTree = "<group>"; };
		5530A4AC2AF8CB5E00C6E73A /* StreamerBuddy.entitlements */ = {isa = PBXFileReference; lastKnownFileType = text.plist.entitlements; path = StreamerBuddy.entitlements; sourceTree = "<group>"; };
		5530A4B12AF8CB5F00C6E73A /* StreamerBuddyTests.xctest */ = {isa = PBXFileReference; explicitFileType = wrapper.cfbundle; includeInIndex = 0; path = StreamerBuddyTests.xctest; sourceTree = BUILT_PRODUCTS_DIR; };
		5530A4B52AF8CB5F00C6E73A /* StreamerBuddyTests.swift */ = {isa = PBXFileReference; lastKnownFileType = sourcecode.swift; path = StreamerBuddyTests.swift; sourceTree = "<group>"; };
		5530A4BB2AF8CB5F00C6E73A /* StreamerBuddyUITests.xctest */ = {isa = PBXFileReference; explicitFileType = wrapper.cfbundle; includeInIndex = 0; path = StreamerBuddyUITests.xctest; sourceTree = BUILT_PRODUCTS_DIR; };
		5530A4BF2AF8CB5F00C6E73A /* StreamerBuddyUITests.swift */ = {isa = PBXFileReference; lastKnownFileType = sourcecode.swift; path = StreamerBuddyUITests.swift; sourceTree = "<group>"; };
		5530A4C12AF8CB5F00C6E73A /* StreamerBuddyUITestsLaunchTests.swift */ = {isa = PBXFileReference; lastKnownFileType = sourcecode.swift; path = StreamerBuddyUITestsLaunchTests.swift; sourceTree = "<group>"; };
/* End PBXFileReference section */

/* Begin PBXFrameworksBuildPhase section */
		5530A49D2AF8CB5C00C6E73A /* Frameworks */ = {
			isa = PBXFrameworksBuildPhase;
			buildActionMask = 2147483647;
			files = (
			);
			runOnlyForDeploymentPostprocessing = 0;
		};
		5530A4AE2AF8CB5F00C6E73A /* Frameworks */ = {
			isa = PBXFrameworksBuildPhase;
			buildActionMask = 2147483647;
			files = (
			);
			runOnlyForDeploymentPostprocessing = 0;
		};
		5530A4B82AF8CB5F00C6E73A /* Frameworks */ = {
			isa = PBXFrameworksBuildPhase;
			buildActionMask = 2147483647;
			files = (
			);
			runOnlyForDeploymentPostprocessing = 0;
		};
/* End PBXFrameworksBuildPhase section */

/* Begin PBXGroup section */
		5530A4972AF8CB5C00C6E73A = {
			isa = PBXGroup;
			children = (
				5530A4A22AF8CB5C00C6E73A /* StreamerBuddy */,
				5530A4B42AF8CB5F00C6E73A /* StreamerBuddyTests */,
				5530A4BE2AF8CB5F00C6E73A /* StreamerBuddyUITests */,
				5530A4A12AF8CB5C00C6E73A /* Products */,
			);
			sourceTree = "<group>";
		};
		5530A4A12AF8CB5C00C6E73A /* Products */ = {
			isa = PBXGroup;
			children = (
				5530A4A02AF8CB5C00C6E73A /* StreamerBuddy.app */,
				5530A4B12AF8CB5F00C6E73A /* StreamerBuddyTests.xctest */,
				5530A4BB2AF8CB5F00C6E73A /* StreamerBuddyUITests.xctest */,
			);
			name = Products;
			sourceTree = "<group>";
		};
		5530A4A22AF8CB5C00C6E73A /* StreamerBuddy */ = {
			isa = PBXGroup;
			children = (
				5530A4A32AF8CB5C00C6E73A /* StreamerBuddyApp.swift */,
				5530A4A52AF8CB5C00C6E73A /* ContentView.swift */,
				5530A4A72AF8CB5E00C6E73A /* Assets.xcassets */,
				5530A4AC2AF8CB5E00C6E73A /* StreamerBuddy.entitlements */,
				5530A4A92AF8CB5E00C6E73A /* Preview Content */,
			);
			path = StreamerBuddy;
			sourceTree = "<group>";
		};
		5530A4A92AF8CB5E00C6E73A /* Preview Content */ = {
			isa = PBXGroup;
			children = (
				5530A4AA2AF8CB5E00C6E73A /* Preview Assets.xcassets */,
			);
			path = "Preview Content";
			sourceTree = "<group>";
		};
		5530A4B42AF8CB5F00C6E73A /* StreamerBuddyTests */ = {
			isa = PBXGroup;
			children = (
				5530A4B52AF8CB5F00C6E73A /* StreamerBuddyTests.swift */,
			);
			path = StreamerBuddyTests;
			sourceTree = "<group>";
		};
		5530A4BE2AF8CB5F00C6E73A /* StreamerBuddyUITests */ = {
			isa = PBXGroup;
			children = (
				5530A4BF2AF8CB5F00C6E73A /* StreamerBuddyUITests.swift */,
				5530A4C12AF8CB5F00C6E73A /* StreamerBuddyUITestsLaunchTests.swift */,
			);
			path = StreamerBuddyUITests;
			sourceTree = "<group>";
		};
/* End PBXGroup section */

/* Begin PBXNativeTarget section */
		5530A49F2AF8CB5C00C6E73A /* StreamerBuddy */ = {
			isa = PBXNativeTarget;
			buildConfigurationList = 5530A4C52AF8CB5F00C6E73A /* Build configuration list for PBXNativeTarget "StreamerBuddy" */;
			buildPhases = (
				5530A49C2AF8CB5C00C6E73A /* Sources */,
				5530A49D2AF8CB5C00C6E73A /* Frameworks */,
				5530A49E2AF8CB5C00C6E73A /* Resources */,
			);
			buildRules = (
			);
			dependencies = (
			);
			name = StreamerBuddy;
			productName = StreamerBuddy;
			productReference = 5530A4A02AF8CB5C00C6E73A /* StreamerBuddy.app */;
			productType = "com.apple.product-type.application";
		};
		5530A4B02AF8CB5F00C6E73A /* StreamerBuddyTests */ = {
			isa = PBXNativeTarget;
			buildConfigurationList = 5530A4C82AF8CB5F00C6E73A /* Build configuration list for PBXNativeTarget "StreamerBuddyTests" */;
			buildPhases = (
				5530A4AD2AF8CB5F00C6E73A /* Sources */,
				5530A4AE2AF8CB5F00C6E73A /* Frameworks */,
				5530A4AF2AF8CB5F00C6E73A /* Resources */,
			);
			buildRules = (
			);
			dependencies = (
				5530A4B32AF8CB5F00C6E73A /* PBXTargetDependency */,
			);
			name = StreamerBuddyTests;
			productName = StreamerBuddyTests;
			productReference = 5530A4B12AF8CB5F00C6E73A /* StreamerBuddyTests.xctest */;
			productType = "com.apple.product-type.bundle.unit-test";
		};
		5530A4BA2AF8CB5F00C6E73A /* StreamerBuddyUITests */ = {
			isa = PBXNativeTarget;
			buildConfigurationList = 5530A4CB2AF8CB5F00C6E73A /* Build configuration list for PBXNativeTarget "StreamerBuddyUITests" */;
			buildPhases = (
				5530A4B72AF8CB5F00C6E73A /* Sources */,
				5530A4B82AF8CB5F00C6E73A /* Frameworks */,
				5530A4B92AF8CB5F00C6E73A /* Resources */,
			);
			buildRules = (
			);
			dependencies = (
				5530A4BD2AF8CB5F00C6E73A /* PBXTargetDependency */,
			);
			name = StreamerBuddyUITests;
			productName = StreamerBuddyUITests;
			productReference = 5530A4BB2AF8CB5F00C6E73A /* StreamerBuddyUITests.xctest */;
			productType = "com.apple.product-type.bundle.ui-testing";
		};
/* End PBXNativeTarget section */

/* Begin PBXProject section */
		5530A4982AF8CB5C00C6E73A /* Project object */ = {
			isa = PBXProject;
			attributes = {
				BuildIndependentTargetsInParallel = 1;
				LastSwiftUpdateCheck = 1430;
				LastUpgradeCheck = 1430;
				TargetAttributes = {
					5530A49F2AF8CB5C00C6E73A = {
						CreatedOnToolsVersion = 14.3.1;
					};
					5530A4B02AF8CB5F00C6E73A = {
						CreatedOnToolsVersion = 14.3.1;
						TestTargetID = 5530A49F2AF8CB5C00C6E73A;
					};
					5530A4BA2AF8CB5F00C6E73A = {
						CreatedOnToolsVersion = 14.3.1;
						TestTargetID = 5530A49F2AF8CB5C00C6E73A;
					};
				};
			};
			buildConfigurationList = 5530A49B2AF8CB5C00C6E73A /* Build configuration list for PBXProject "StreamerBuddy" */;
			compatibilityVersion = "Xcode 14.0";
			developmentRegion = en;
			hasScannedForEncodings = 0;
			knownRegions = (
				en,
				Base,
			);
			mainGroup = 5530A4972AF8CB5C00C6E73A;
			productRefGroup = 5530A4A12AF8CB5C00C6E73A /* Products */;
			projectDirPath = "";
			projectRoot = "";
			targets = (
				5530A49F2AF8CB5C00C6E73A /* StreamerBuddy */,
				5530A4B02AF8CB5F00C6E73A /* StreamerBuddyTests */,
				5530A4BA2AF8CB5F00C6E73A /* StreamerBuddyUITests */,
			);
		};
/* End PBXProject section */

/* Begin PBXResourcesBuildPhase section */
		5530A49E2AF8CB5C00C6E73A /* Resources */ = {
			isa = PBXResourcesBuildPhase;
			buildActionMask = 2147483647;
			files = (
				5530A4AB2AF8CB5E00C6E73A /* Preview Assets.xcassets in Resources */,
				5530A4A82AF8CB5E00C6E73A /* Assets.xcassets in Resources */,
			);
			runOnlyForDeploymentPostprocessing = 0;
		};
		5530A4AF2AF8CB5F00C6E73A /* Resources */ = {
			isa = PBXResourcesBuildPhase;
			buildActionMask = 2147483647;
			files = (
			);
			runOnlyForDeploymentPostprocessing = 0;
		};
		5530A4B92AF8CB5F00C6E73A /* Resources */ = {
			isa = PBXResourcesBuildPhase;
			buildActionMask = 2147483647;
			files = (
			);
			runOnlyForDeploymentPostprocessing = 0;
		};
/* End PBXResourcesBuildPhase section */

/* Begin PBXSourcesBuildPhase section */
		5530A49C2AF8CB5C00C6E73A /* Sources */ = {
			isa = PBXSourcesBuildPhase;
			buildActionMask = 2147483647;
			files = (
				5530A4A62AF8CB5C00C6E73A /* ContentView.swift in Sources */,
				5530A4A42AF8CB5C00C6E73A /* StreamerBuddyApp.swift in Sources */,
			);
			runOnlyForDeploymentPostprocessing = 0;
		};
		5530A4AD2AF8CB5F00C6E73A /* Sources */ = {
			isa = PBXSourcesBuildPhase;
			buildActionMask = 2147483647;
			files = (
				5530A4B62AF8CB5F00C6E73A /* StreamerBuddyTests.swift in Sources */,
			);
			runOnlyForDeploymentPostprocessing = 0;
		};
		5530A4B72AF8CB5F00C6E73A /* Sources */ = {
			isa = PBXSourcesBuildPhase;
			buildActionMask = 2147483647;
			files = (
				5530A4C22AF8CB5F00C6E73A /* StreamerBuddyUITestsLaunchTests.swift in Sources */,
				5530A4C02AF8CB5F00C6E73A /* StreamerBuddyUITests.swift in Sources */,
			);
			runOnlyForDeploymentPostprocessing = 0;
		};
/* End PBXSourcesBuildPhase section */

/* Begin PBXTargetDependency section */
		5530A4B32AF8CB5F00C6E73A /* PBXTargetDependency */ = {
			isa = PBXTargetDependency;
			target = 5530A49F2AF8CB5C00C6E73A /* StreamerBuddy */;
			targetProxy = 5530A4B22AF8CB5F00C6E73A /* PBXContainerItemProxy */;
		};
		5530A4BD2AF8CB5F00C6E73A /* PBXTargetDependency */ = {
			isa = PBXTargetDependency;
			target = 5530A49F2AF8CB5C00C6E73A /* StreamerBuddy */;
			targetProxy = 5530A4BC2AF8CB5F00C6E73A /* PBXContainerItemProxy */;
		};
/* End PBXTargetDependency section */

/* Begin XCBuildConfiguration section */
		5530A4C32AF8CB5F00C6E73A /* Debug */ = {
			isa = XCBuildConfiguration;
			buildSettings = {
				ALWAYS_SEARCH_USER_PATHS = NO;
				CLANG_ANALYZER_NONNULL = YES;
				CLANG_ANALYZER_NUMBER_OBJECT_CONVERSION = YES_AGGRESSIVE;
				CLANG_CXX_LANGUAGE_STANDARD = "gnu++20";
				CLANG_ENABLE_MODULES = YES;
				CLANG_ENABLE_OBJC_ARC = YES;
				CLANG_ENABLE_OBJC_WEAK = YES;
				CLANG_WARN_BLOCK_CAPTURE_AUTORELEASING = YES;
				CLANG_WARN_BOOL_CONVERSION = YES;
				CLANG_WARN_COMMA = YES;
				CLANG_WARN_CONSTANT_CONVERSION = YES;
				CLANG_WARN_DEPRECATED_OBJC_IMPLEMENTATIONS = YES;
				CLANG_WARN_DIRECT_OBJC_ISA_USAGE = YES_ERROR;
				CLANG_WARN_DOCUMENTATION_COMMENTS = YES;
				CLANG_WARN_EMPTY_BODY = YES;
				CLANG_WARN_ENUM_CONVERSION = YES;
				CLANG_WARN_INFINITE_RECURSION = YES;
				CLANG_WARN_INT_CONVERSION = YES;
				CLANG_WARN_NON_LITERAL_NULL_CONVERSION = YES;
				CLANG_WARN_OBJC_IMPLICIT_RETAIN_SELF = YES;
				CLANG_WARN_OBJC_LITERAL_CONVERSION = YES;
				CLANG_WARN_OBJC_ROOT_CLASS = YES_ERROR;
				CLANG_WARN_QUOTED_INCLUDE_IN_FRAMEWORK_HEADER = YES;
				CLANG_WARN_RANGE_LOOP_ANALYSIS = YES;
				CLANG_WARN_STRICT_PROTOTYPES = YES;
				CLANG_WARN_SUSPICIOUS_MOVE = YES;
				CLANG_WARN_UNGUARDED_AVAILABILITY = YES_AGGRESSIVE;
				CLANG_WARN_UNREACHABLE_CODE = YES;
				CLANG_WARN__DUPLICATE_METHOD_MATCH = YES;
				COPY_PHASE_STRIP = NO;
				DEBUG_INFORMATION_FORMAT = dwarf;
				ENABLE_STRICT_OBJC_MSGSEND = YES;
				ENABLE_TESTABILITY = YES;
				GCC_C_LANGUAGE_STANDARD = gnu11;
				GCC_DYNAMIC_NO_PIC = NO;
				GCC_NO_COMMON_BLOCKS = YES;
				GCC_OPTIMIZATION_LEVEL = 0;
				GCC_PREPROCESSOR_DEFINITIONS = (
					"DEBUG=1",
					"$(inherited)",
				);
				GCC_WARN_64_TO_32_BIT_CONVERSION = YES;
				GCC_WARN_ABOUT_RETURN_TYPE = YES_ERROR;
				GCC_WARN_UNDECLARED_SELECTOR = YES;
				GCC_WARN_UNINITIALIZED_AUTOS = YES_AGGRESSIVE;
				GCC_WARN_UNUSED_FUNCTION = YES;
				GCC_WARN_UNUSED_VARIABLE = YES;
				MACOSX_DEPLOYMENT_TARGET = 13.3;
				MTL_ENABLE_DEBUG_INFO = INCLUDE_SOURCE;
				MTL_FAST_MATH = YES;
				ONLY_ACTIVE_ARCH = YES;
				SDKROOT = macosx;
				SWIFT_ACTIVE_COMPILATION_CONDITIONS = DEBUG;
				SWIFT_OPTIMIZATION_LEVEL = "-Onone";
			};
			name = Debug;
		};
		5530A4C42AF8CB5F00C6E73A /* Release */ = {
			isa = XCBuildConfiguration;
			buildSettings = {
				ALWAYS_SEARCH_USER_PATHS = NO;
				CLANG_ANALYZER_NONNULL = YES;
				CLANG_ANALYZER_NUMBER_OBJECT_CONVERSION = YES_AGGRESSIVE;
				CLANG_CXX_LANGUAGE_STANDARD = "gnu++20";
				CLANG_ENABLE_MODULES = YES;
				CLANG_ENABLE_OBJC_ARC = YES;
				CLANG_ENABLE_OBJC_WEAK = YES;
				CLANG_WARN_BLOCK_CAPTURE_AUTORELEASING = YES;
				CLANG_WARN_BOOL_CONVERSION = YES;
				CLANG_WARN_COMMA = YES;
				CLANG_WARN_CONSTANT_CONVERSION = YES;
				CLANG_WARN_DEPRECATED_OBJC_IMPLEMENTATIONS = YES;
				CLANG_WARN_DIRECT_OBJC_ISA_USAGE = YES_ERROR;
				CLANG_WARN_DOCUMENTATION_COMMENTS = YES;
				CLANG_WARN_EMPTY_BODY = YES;
				CLANG_WARN_ENUM_CONVERSION = YES;
				CLANG_WARN_INFINITE_RECURSION = YES;
				CLANG_WARN_INT_CONVERSION = YES;
				CLANG_WARN_NON_LITERAL_NULL_CONVERSION = YES;
				CLANG_WARN_OBJC_IMPLICIT_RETAIN_SELF = YES;
				CLANG_WARN_OBJC_LITERAL_CONVERSION = YES;
				CLANG_WARN_OBJC_ROOT_CLASS = YES_ERROR;
				CLANG_WARN_QUOTED_INCLUDE_IN_FRAMEWORK_HEADER = YES;
				CLANG_WARN_RANGE_LOOP_ANALYSIS = YES;
				CLANG_WARN_STRICT_PROTOTYPES = YES;
				CLANG_WARN_SUSPICIOUS_MOVE = YES;
				CLANG_WARN_UNGUARDED_AVAILABILITY = YES_AGGRESSIVE;
				CLANG_WARN_UNREACHABLE_CODE = YES;
				CLANG_WARN__DUPLICATE_METHOD_MATCH = YES;
				COPY_PHASE_STRIP = NO;
				DEBUG_INFORMATION_FORMAT = "dwarf-with-dsym";
				ENABLE_NS_ASSERTIONS = NO;
				ENABLE_STRICT_OBJC_MSGSEND = YES;
				GCC_C_LANGUAGE_STANDARD = gnu11;
				GCC_NO_COMMON_BLOCKS = YES;
				GCC_WARN_64_TO_32_BIT_CONVERSION = YES;
				GCC_WARN_ABOUT_RETURN_TYPE = YES_ERROR;
				GCC_WARN_UNDECLARED_SELECTOR = YES;
				GCC_WARN_UNINITIALIZED_AUTOS = YES_AGGRESSIVE;
				GCC_WARN_UNUSED_FUNCTION = YES;
				GCC_WARN_UNUSED_VARIABLE = YES;
				MACOSX_DEPLOYMENT_TARGET = 13.3;
				MTL_ENABLE_DEBUG_INFO = NO;
				MTL_FAST_MATH = YES;
				SDKROOT = macosx;
				SWIFT_COMPILATION_MODE = wholemodule;
				SWIFT_OPTIMIZATION_LEVEL = "-O";
			};
			name = Release;
		};
		5530A4C62AF8CB5F00C6E73A /* Debug */ = {
			isa = XCBuildConfiguration;
			buildSettings = {
				ASSETCATALOG_COMPILER_APPICON_NAME = AppIcon;
				ASSETCATALOG_COMPILER_GLOBAL_ACCENT_COLOR_NAME = AccentColor;
				CODE_SIGN_ENTITLEMENTS = StreamerBuddy/StreamerBuddy.entitlements;
				CODE_SIGN_STYLE = Automatic;
				COMBINE_HIDPI_IMAGES = YES;
				CURRENT_PROJECT_VERSION = 1;
				DEVELOPMENT_ASSET_PATHS = "\"StreamerBuddy/Preview Content\"";
				ENABLE_PREVIEWS = YES;
				GENERATE_INFOPLIST_FILE = YES;
				INFOPLIST_KEY_NSHumanReadableCopyright = "";
				LD_RUNPATH_SEARCH_PATHS = (
					"$(inherited)",
					"@executable_path/../Frameworks",
				);
				MARKETING_VERSION = 1.0;
				PRODUCT_BUNDLE_IDENTIFIER = mel3kings.StreamerBuddy;
				PRODUCT_NAME = "$(TARGET_NAME)";
				SWIFT_EMIT_LOC_STRINGS = YES;
				SWIFT_VERSION = 5.0;
			};
			name = Debug;
		};
		5530A4C72AF8CB5F00C6E73A /* Release */ = {
			isa = XCBuildConfiguration;
			buildSettings = {
				ASSETCATALOG_COMPILER_APPICON_NAME = AppIcon;
				ASSETCATALOG_COMPILER_GLOBAL_ACCENT_COLOR_NAME = AccentColor;
				CODE_SIGN_ENTITLEMENTS = StreamerBuddy/StreamerBuddy.entitlements;
				CODE_SIGN_STYLE = Automatic;
				COMBINE_HIDPI_IMAGES = YES;
				CURRENT_PROJECT_VERSION = 1;
				DEVELOPMENT_ASSET_PATHS = "\"StreamerBuddy/Preview Content\"";
				ENABLE_PREVIEWS = YES;
				GENERATE_INFOPLIST_FILE = YES;
				INFOPLIST_KEY_NSHumanReadableCopyright = "";
				LD_RUNPATH_SEARCH_PATHS = (
					"$(inherited)",
					"@executable_path/../Frameworks",
				);
				MARKETING_VERSION = 1.0;
				PRODUCT_BUNDLE_IDENTIFIER = mel3kings.StreamerBuddy;
				PRODUCT_NAME = "$(TARGET_NAME)";
				SWIFT_EMIT_LOC_STRINGS = YES;
				SWIFT_VERSION = 5.0;
			};
			name = Release;
		};
		5530A4C92AF8CB5F00C6E73A /* Debug */ = {
			isa = XCBuildConfiguration;
			buildSettings = {
				ALWAYS_EMBED_SWIFT_STANDARD_LIBRARIES = YES;
				BUNDLE_LOADER = "$(TEST_HOST)";
				CODE_SIGN_STYLE = Automatic;
				CURRENT_PROJECT_VERSION = 1;
				GENERATE_INFOPLIST_FILE = YES;
				MACOSX_DEPLOYMENT_TARGET = 13.3;
				MARKETING_VERSION = 1.0;
				PRODUCT_BUNDLE_IDENTIFIER = mel3kings.StreamerBuddyTests;
				PRODUCT_NAME = "$(TARGET_NAME)";
				SWIFT_EMIT_LOC_STRINGS = NO;
				SWIFT_VERSION = 5.0;
				TEST_HOST = "$(BUILT_PRODUCTS_DIR)/StreamerBuddy.app/$(BUNDLE_EXECUTABLE_FOLDER_PATH)/StreamerBuddy";
			};
			name = Debug;
		};
		5530A4CA2AF8CB5F00C6E73A /* Release */ = {
			isa = XCBuildConfiguration;
			buildSettings = {
				ALWAYS_EMBED_SWIFT_STANDARD_LIBRARIES = YES;
				BUNDLE_LOADER = "$(TEST_HOST)";
				CODE_SIGN_STYLE = Automatic;
				CURRENT_PROJECT_VERSION = 1;
				GENERATE_INFOPLIST_FILE = YES;
				MACOSX_DEPLOYMENT_TARGET = 13.3;
				MARKETING_VERSION = 1.0;
				PRODUCT_BUNDLE_IDENTIFIER = mel3kings.StreamerBuddyTests;
				PRODUCT_NAME = "$(TARGET_NAME)";
				SWIFT_EMIT_LOC_STRINGS = NO;
				SWIFT_VERSION = 5.0;
				TEST_HOST = "$(BUILT_PRODUCTS_DIR)/StreamerBuddy.app/$(BUNDLE_EXECUTABLE_FOLDER_PATH)/StreamerBuddy";
			};
			name = Release;
		};
		5530A4CC2AF8CB5F00C6E73A /* Debug */ = {
			isa = XCBuildConfiguration;
			buildSettings = {
				ALWAYS_EMBED_SWIFT_STANDARD_LIBRARIES = YES;
				CODE_SIGN_STYLE = Automatic;
				CURRENT_PROJECT_VERSION = 1;
				GENERATE_INFOPLIST_FILE = YES;
				MARKETING_VERSION = 1.0;
				PRODUCT_BUNDLE_IDENTIFIER = mel3kings.StreamerBuddyUITests;
				PRODUCT_NAME = "$(TARGET_NAME)";
				SWIFT_EMIT_LOC_STRINGS = NO;
				SWIFT_VERSION = 5.0;
				TEST_TARGET_NAME = StreamerBuddy;
			};
			name = Debug;
		};
		5530A4CD2AF8CB5F00C6E73A /* Release */ = {
			isa = XCBuildConfiguration;
			buildSettings = {
				ALWAYS_EMBED_SWIFT_STANDARD_LIBRARIES = YES;
				CODE_SIGN_STYLE = Automatic;
				CURRENT_PROJECT_VERSION = 1;
				GENERATE_INFOPLIST_FILE = YES;
				MARKETING_VERSION = 1.0;
				PRODUCT_BUNDLE_IDENTIFIER = mel3kings.StreamerBuddyUITests;
				PRODUCT_NAME = "$(TARGET_NAME)";
				SWIFT_EMIT_LOC_STRINGS = NO;
				SWIFT_VERSION = 5.0;
				TEST_TARGET_NAME = StreamerBuddy;
			};
			name = Release;
		};
/* End XCBuildConfiguration section */

/* Begin XCConfigurationList section */
		5530A49B2AF8CB5C00C6E73A /* Build configuration list for PBXProject "StreamerBuddy" */ = {
			isa = XCConfigurationList;
			buildConfigurations = (
				5530A4C32AF8CB5F00C6E73A /* Debug */,
				5530A4C42AF8CB5F00C6E73A /* Release */,
			);
			defaultConfigurationIsVisible = 0;
			defaultConfigurationName = Release;
		};
		5530A4C52AF8CB5F00C6E73A /* Build configuration list for PBXNativeTarget "StreamerBuddy" */ = {
			isa = XCConfigurationList;
			buildConfigurations = (
				5530A4C62AF8CB5F00C6E73A /* Debug */,
				5530A4C72AF8CB5F00C6E73A /* Release */,
			);
			defaultConfigurationIsVisible = 0;
			defaultConfigurationName = Release;
		};
		5530A4C82AF8CB5F00C6E73A /* Build configuration list for PBXNativeTarget "StreamerBuddyTests" */ = {
			isa = XCConfigurationList;
			buildConfigurations = (
				5530A4C92AF8CB5F00C6E73A /* Debug */,
				5530A4CA2AF8CB5F00C6E73A /* Release */,
			);
			defaultConfigurationIsVisible = 0;
			defaultConfigurationName = Release;
		};
		5530A4CB2AF8CB5F00C6E73A /* Build configuration list for PBXNativeTarget "StreamerBuddyUITests" */ = {
			isa = XCConfigurationList;
			buildConfigurations = (
				5530A4CC2AF8CB5F00C6E73A /* Debug */,
				5530A4CD2AF8CB5F00C6E73A /* Release */,
			);
			defaultConfigurationIsVisible = 0;
			defaultConfigurationName = Release;
		};
/* End XCConfigurationList section */
	};
	rootObject = 5530A4982AF8CB5C00C6E73A /* Project object */;
}
